
Microsoft Visual Studio Solution File, Format Version 12.00
# Visual Studio Version 16
VisualStudioVersion = 16.0.30611.23
MinimumVisualStudioVersion = 10.0.40219.1
Project("{FAE04EC0-301F-11D3-BF4B-00C04F79EFBC}") = "BudgetTool", "BudgetTool\BudgetTool.csproj", "{3C26921D-8228-474B-BF17-19AEAA364D7E}"
EndProject
Global
	GlobalSection(SolutionConfigurationPlatforms) = preSolution
		Debug|Any CPU = Debug|Any CPU
		Release|Any CPU = Release|Any CPU
	EndGlobalSection
	GlobalSection(ProjectConfigurationPlatforms) = postSolution
		{3C26921D-8228-474B-BF17-19AEAA364D7E}.Debug|Any CPU.ActiveCfg = Debug|Any CPU
		{3C26921D-8228-474B-BF17-19AEAA364D7E}.Debug|Any CPU.Build.0 = Debug|Any CPU
		{3C26921D-8228-474B-BF17-19AEAA364D7E}.Release|Any CPU.ActiveCfg = Release|Any CPU
		{3C26921D-8228-474B-BF17-19AEAA364D7E}.Release|Any CPU.Build.0 = Release|Any CPU
	EndGlobalSection
	GlobalSection(SolutionProperties) = preSolution
		HideSolutionNode = FALSE
	EndGlobalSection
	GlobalSection(ExtensibilityGlobals) = postSolution
		SolutionGuid = {E88B9AEF-1C7C-4801-85C6-FE1023758B5B}
	EndGlobalSection
EndGlobal
